
Microsoft Visual Studio Solution File, Format Version 12.00
# Visual Studio Version 17
VisualStudioVersion = 17.13.35605.110 d17.13
MinimumVisualStudioVersion = 10.0.40219.1
Project("{FAE04EC0-301F-11D3-BF4B-00C04F79EFBC}") = "BlazorAppEnhacedFormSubmit", "BlazorAppEnhacedFormSubmit.csproj", "{2A4A03A9-0AFC-4BA3-9F70-16BEE25ABE30}"
EndProject
Global
	GlobalSection(SolutionConfigurationPlatforms) = preSolution
		Debug|Any CPU = Debug|Any CPU
		Release|Any CPU = Release|Any CPU
	EndGlobalSection
	GlobalSection(ProjectConfigurationPlatforms) = postSolution
		{2A4A03A9-0AFC-4BA3-9F70-16BEE25ABE30}.Debug|Any CPU.ActiveCfg = Debug|Any CPU
		{2A4A03A9-0AFC-4BA3-9F70-16BEE25ABE30}.Debug|Any CPU.Build.0 = Debug|Any CPU
		{2A4A03A9-0AFC-4BA3-9F70-16BEE25ABE30}.Release|Any CPU.ActiveCfg = Release|Any CPU
		{2A4A03A9-0AFC-4BA3-9F70-16BEE25ABE30}.Release|Any CPU.Build.0 = Release|Any CPU
	EndGlobalSection
	GlobalSection(SolutionProperties) = preSolution
		HideSolutionNode = FALSE
	EndGlobalSection
	GlobalSection(ExtensibilityGlobals) = postSolution
		SolutionGuid = {A7DC791D-3272-4BC4-B7E8-3FD701DA1A72}
	EndGlobalSection
EndGlobal
